Microsoft Visual Studio Solution File, Format Version 11.00
# Visual Studio 2008

Project("{2478DD37-A429-7C3C-66F4-81F767DD2BBB}") = "Blocos", "Assembly-CSharp.csproj", "{F5533FE1-6B0B-F870-BFD5-F28D122EB3C6}"
EndProject
Global
	GlobalSection(SolutionConfigurationPlatforms) = preSolution
		Debug|Any CPU = Debug|Any CPU
		Release|Any CPU = Release|Any CPU
	EndGlobalSection
	GlobalSection(ProjectConfigurationPlatforms) = postSolution
		{F5533FE1-6B0B-F870-BFD5-F28D122EB3C6}.Debug|Any CPU.ActiveCfg = Debug|Any CPU
		{F5533FE1-6B0B-F870-BFD5-F28D122EB3C6}.Debug|Any CPU.Build.0 = Debug|Any CPU
		{F5533FE1-6B0B-F870-BFD5-F28D122EB3C6}.Release|Any CPU.ActiveCfg = Release|Any CPU
		{F5533FE1-6B0B-F870-BFD5-F28D122EB3C6}.Release|Any CPU.Build.0 = Release|Any CPU
	EndGlobalSection
	GlobalSection(SolutionProperties) = preSolution
		HideSolutionNode = FALSE
	EndGlobalSection
	GlobalSection(MonoDevelopProperties) = preSolution
		StartupItem = Assembly-CSharp.csproj
	EndGlobalSection
EndGlobal
