Microsoft Visual Studio Solution File, Format Version 11.00
# Visual Studio 2008

Project("{2852A412-940B-72EC-A477-AC181003B0CE}") = "circulo", "Assembly-CSharp.csproj", "{F18E6329-73D5-7CC3-B1B8-C2528D0CDFD6}"
EndProject
Global
	GlobalSection(SolutionConfigurationPlatforms) = preSolution
		Debug|Any CPU = Debug|Any CPU
		Release|Any CPU = Release|Any CPU
	EndGlobalSection
	GlobalSection(ProjectConfigurationPlatforms) = postSolution
		{F18E6329-73D5-7CC3-B1B8-C2528D0CDFD6}.Debug|Any CPU.ActiveCfg = Debug|Any CPU
		{F18E6329-73D5-7CC3-B1B8-C2528D0CDFD6}.Debug|Any CPU.Build.0 = Debug|Any CPU
		{F18E6329-73D5-7CC3-B1B8-C2528D0CDFD6}.Release|Any CPU.ActiveCfg = Release|Any CPU
		{F18E6329-73D5-7CC3-B1B8-C2528D0CDFD6}.Release|Any CPU.Build.0 = Release|Any CPU
	EndGlobalSection
	GlobalSection(SolutionProperties) = preSolution
		HideSolutionNode = FALSE
	EndGlobalSection
	GlobalSection(MonoDevelopProperties) = preSolution
		StartupItem = Assembly-CSharp.csproj
	EndGlobalSection
EndGlobal
