Microsoft Visual Studio Solution File, Format Version 11.00
# Visual Studio 2008

Project("{8D6912BC-5787-2BD5-A716-1E61C3ECCFF0}") = "8 - Cópia", "Assembly-CSharp.csproj", "{8E78B0C0-85BC-76EE-AB28-3CF22586BB6B}"
EndProject
Global
	GlobalSection(SolutionConfigurationPlatforms) = preSolution
		Debug|Any CPU = Debug|Any CPU
		Release|Any CPU = Release|Any CPU
	EndGlobalSection
	GlobalSection(ProjectConfigurationPlatforms) = postSolution
		{8E78B0C0-85BC-76EE-AB28-3CF22586BB6B}.Debug|Any CPU.ActiveCfg = Debug|Any CPU
		{8E78B0C0-85BC-76EE-AB28-3CF22586BB6B}.Debug|Any CPU.Build.0 = Debug|Any CPU
		{8E78B0C0-85BC-76EE-AB28-3CF22586BB6B}.Release|Any CPU.ActiveCfg = Release|Any CPU
		{8E78B0C0-85BC-76EE-AB28-3CF22586BB6B}.Release|Any CPU.Build.0 = Release|Any CPU
	EndGlobalSection
	GlobalSection(SolutionProperties) = preSolution
		HideSolutionNode = FALSE
	EndGlobalSection
	GlobalSection(MonoDevelopProperties) = preSolution
		StartupItem = Assembly-CSharp.csproj
	EndGlobalSection
EndGlobal
